Microsoft Visual Studio Solution File, Format Version 12.00
# Visual Studio Version 17
VisualStudioVersion = 17.5.2.0
MinimumVisualStudioVersion = 10.0.40219.1
Project("{FAE04EC0-301F-11D3-BF4B-00C04F79EFBC}") = "backupConsole", "backupConsole.csproj", "{8894E024-CCD5-AAB5-EDAD-65F4AE697D29}"
EndProject
Project("{FAE04EC0-301F-11D3-BF4B-00C04F79EFBC}") = "BackupMakerWPF", "BackupMakerWPF\BackupMakerWPF.csproj", "{F9013FBB-D3CD-4C12-A12E-B0FDF963D558}"
EndProject
Global
	GlobalSection(SolutionConfigurationPlatforms) = preSolution
		Debug|Any CPU = Debug|Any CPU
		Release|Any CPU = Release|Any CPU
	EndGlobalSection
	GlobalSection(ProjectConfigurationPlatforms) = postSolution
		{8894E024-CCD5-AAB5-EDAD-65F4AE697D29}.Debug|Any CPU.ActiveCfg = Debug|Any CPU
		{8894E024-CCD5-AAB5-EDAD-65F4AE697D29}.Debug|Any CPU.Build.0 = Debug|Any CPU
		{8894E024-CCD5-AAB5-EDAD-65F4AE697D29}.Release|Any CPU.ActiveCfg = Release|Any CPU
		{8894E024-CCD5-AAB5-EDAD-65F4AE697D29}.Release|Any CPU.Build.0 = Release|Any CPU
		{F9013FBB-D3CD-4C12-A12E-B0FDF963D558}.Debug|Any CPU.ActiveCfg = Debug|Any CPU
		{F9013FBB-D3CD-4C12-A12E-B0FDF963D558}.Debug|Any CPU.Build.0 = Debug|Any CPU
		{F9013FBB-D3CD-4C12-A12E-B0FDF963D558}.Release|Any CPU.ActiveCfg = Release|Any CPU
		{F9013FBB-D3CD-4C12-A12E-B0FDF963D558}.Release|Any CPU.Build.0 = Release|Any CPU
	EndGlobalSection
	GlobalSection(SolutionProperties) = preSolution
		HideSolutionNode = FALSE
	EndGlobalSection
	GlobalSection(ExtensibilityGlobals) = postSolution
		SolutionGuid = {FA22FC73-B32D-49E9-A3C1-87E98C2EFE6C}
	EndGlobalSection
EndGlobal
