Microsoft Visual Studio Solution File, Format Version 12.00
# Visual Studio Version 17
VisualStudioVersion = 17.5.2.0
MinimumVisualStudioVersion = 10.0.40219.1
Project("{FAE04EC0-301F-11D3-BF4B-00C04F79EFBC}") = "backupConsole", "BackupmakerConsole\backupConsole.csproj", "{8894E024-CCD5-AAB5-EDAD-65F4AE697D29}"
EndProject
Project("{FAE04EC0-301F-11D3-BF4B-00C04F79EFBC}") = "BackupMaker", "BackupMaker\BackupMaker.csproj", "{8FFD6C3A-7428-4C32-8B6B-DF8219960205}"
EndProject
Project("{FAE04EC0-301F-11D3-BF4B-00C04F79EFBC}") = "CommonClasses", "CommonClasses\CommonClasses.csproj", "{64862133-9269-40A6-A8E6-BEB7F0FBBB3C}"
EndProject
Project("{FAE04EC0-301F-11D3-BF4B-00C04F79EFBC}") = "FileCleanner", "FileCleanner\FileCleanner.csproj", "{F5D74630-3CB9-4F34-B1B3-1CBBF5838922}"
EndProject
Project("{FAE04EC0-301F-11D3-BF4B-00C04F79EFBC}") = "DiskClonner", "DiskClonner\DiskClonner.csproj", "{49120C0A-F47F-4A3F-B40F-1D15916FE121}"
EndProject
Project("{FAE04EC0-301F-11D3-BF4B-00C04F79EFBC}") = "AntiDuplicate", "AntiDuplicate\AntiDuplicate.csproj", "{4BFAA161-6CC3-46BA-A5BD-A46B623DCCD3}"
EndProject
Global
	GlobalSection(SolutionConfigurationPlatforms) = preSolution
		Debug|Any CPU = Debug|Any CPU
		Release|Any CPU = Release|Any CPU
	EndGlobalSection
	GlobalSection(ProjectConfigurationPlatforms) = postSolution
		{8894E024-CCD5-AAB5-EDAD-65F4AE697D29}.Debug|Any CPU.ActiveCfg = Debug|Any CPU
		{8894E024-CCD5-AAB5-EDAD-65F4AE697D29}.Debug|Any CPU.Build.0 = Debug|Any CPU
		{8894E024-CCD5-AAB5-EDAD-65F4AE697D29}.Release|Any CPU.ActiveCfg = Release|Any CPU
		{8894E024-CCD5-AAB5-EDAD-65F4AE697D29}.Release|Any CPU.Build.0 = Release|Any CPU
		{8FFD6C3A-7428-4C32-8B6B-DF8219960205}.Debug|Any CPU.ActiveCfg = Debug|Any CPU
		{8FFD6C3A-7428-4C32-8B6B-DF8219960205}.Debug|Any CPU.Build.0 = Debug|Any CPU
		{8FFD6C3A-7428-4C32-8B6B-DF8219960205}.Release|Any CPU.ActiveCfg = Release|Any CPU
		{8FFD6C3A-7428-4C32-8B6B-DF8219960205}.Release|Any CPU.Build.0 = Release|Any CPU
		{64862133-9269-40A6-A8E6-BEB7F0FBBB3C}.Debug|Any CPU.ActiveCfg = Debug|Any CPU
		{64862133-9269-40A6-A8E6-BEB7F0FBBB3C}.Debug|Any CPU.Build.0 = Debug|Any CPU
		{64862133-9269-40A6-A8E6-BEB7F0FBBB3C}.Release|Any CPU.ActiveCfg = Release|Any CPU
		{64862133-9269-40A6-A8E6-BEB7F0FBBB3C}.Release|Any CPU.Build.0 = Release|Any CPU
		{F5D74630-3CB9-4F34-B1B3-1CBBF5838922}.Debug|Any CPU.ActiveCfg = Debug|Any CPU
		{F5D74630-3CB9-4F34-B1B3-1CBBF5838922}.Debug|Any CPU.Build.0 = Debug|Any CPU
		{F5D74630-3CB9-4F34-B1B3-1CBBF5838922}.Release|Any CPU.ActiveCfg = Release|Any CPU
		{F5D74630-3CB9-4F34-B1B3-1CBBF5838922}.Release|Any CPU.Build.0 = Release|Any CPU
		{49120C0A-F47F-4A3F-B40F-1D15916FE121}.Debug|Any CPU.ActiveCfg = Debug|Any CPU
		{49120C0A-F47F-4A3F-B40F-1D15916FE121}.Debug|Any CPU.Build.0 = Debug|Any CPU
		{49120C0A-F47F-4A3F-B40F-1D15916FE121}.Release|Any CPU.ActiveCfg = Release|Any CPU
		{49120C0A-F47F-4A3F-B40F-1D15916FE121}.Release|Any CPU.Build.0 = Release|Any CPU
		{4BFAA161-6CC3-46BA-A5BD-A46B623DCCD3}.Debug|Any CPU.ActiveCfg = Debug|Any CPU
		{4BFAA161-6CC3-46BA-A5BD-A46B623DCCD3}.Debug|Any CPU.Build.0 = Debug|Any CPU
		{4BFAA161-6CC3-46BA-A5BD-A46B623DCCD3}.Release|Any CPU.ActiveCfg = Release|Any CPU
		{4BFAA161-6CC3-46BA-A5BD-A46B623DCCD3}.Release|Any CPU.Build.0 = Release|Any CPU
	EndGlobalSection
	GlobalSection(SolutionProperties) = preSolution
		HideSolutionNode = FALSE
	EndGlobalSection
	GlobalSection(ExtensibilityGlobals) = postSolution
		SolutionGuid = {FA22FC73-B32D-49E9-A3C1-87E98C2EFE6C}
	EndGlobalSection
EndGlobal
